
Microsoft Visual Studio Solution File, Format Version 12.00
# Visual Studio Version 17
VisualStudioVersion = 17.3.32901.215
MinimumVisualStudioVersion = 10.0.40219.1
Project("{FAE04EC0-301F-11D3-BF4B-00C04F79EFBC}") = "AnuQRandom.Net", "AnuQRandom.Net\AnuQRandom.Net.csproj", "{FD8A63AE-AA18-4C67-9817-12BA77793AF7}"
EndProject
Project("{FAE04EC0-301F-11D3-BF4B-00C04F79EFBC}") = "Example", "Example\Example.csproj", "{3F3AEEB6-6212-4449-AFD0-3418996E469F}"
EndProject
Global
	GlobalSection(SolutionConfigurationPlatforms) = preSolution
		Debug|Any CPU = Debug|Any CPU
		Release|Any CPU = Release|Any CPU
	EndGlobalSection
	GlobalSection(ProjectConfigurationPlatforms) = postSolution
		{FD8A63AE-AA18-4C67-9817-12BA77793AF7}.Debug|Any CPU.ActiveCfg = Debug|Any CPU
		{FD8A63AE-AA18-4C67-9817-12BA77793AF7}.Debug|Any CPU.Build.0 = Debug|Any CPU
		{FD8A63AE-AA18-4C67-9817-12BA77793AF7}.Release|Any CPU.ActiveCfg = Release|Any CPU
		{FD8A63AE-AA18-4C67-9817-12BA77793AF7}.Release|Any CPU.Build.0 = Release|Any CPU
		{3F3AEEB6-6212-4449-AFD0-3418996E469F}.Debug|Any CPU.ActiveCfg = Debug|Any CPU
		{3F3AEEB6-6212-4449-AFD0-3418996E469F}.Debug|Any CPU.Build.0 = Debug|Any CPU
		{3F3AEEB6-6212-4449-AFD0-3418996E469F}.Release|Any CPU.ActiveCfg = Release|Any CPU
		{3F3AEEB6-6212-4449-AFD0-3418996E469F}.Release|Any CPU.Build.0 = Release|Any CPU
	EndGlobalSection
	GlobalSection(SolutionProperties) = preSolution
		HideSolutionNode = FALSE
	EndGlobalSection
	GlobalSection(ExtensibilityGlobals) = postSolution
		SolutionGuid = {0666CF9A-C1FE-40E2-95F9-DE9B6B030F25}
	EndGlobalSection
EndGlobal
